
Microsoft Visual Studio Solution File, Format Version 12.00
# Visual Studio 15
VisualStudioVersion = 15.0.27130.2036
MinimumVisualStudioVersion = 10.0.40219.1
Project("{8BC9CEB8-8B4A-11D0-8D11-00A0C91BC942}") = "Vector", "Vector\Vector.vcxproj", "{775530FE-A753-46F3-B4E8-045F9A3386E3}"
EndProject
Project("{8BC9CEB8-8B4A-11D0-8D11-00A0C91BC942}") = "VectorUnitTest", "VectorUnitTest\VectorUnitTest.vcxproj", "{D2FCF01C-E751-4109-A88A-17922488AFF4}"
EndProject
Global
	GlobalSection(SolutionConfigurationPlatforms) = preSolution
		Debug|x64 = Debug|x64
		Debug|x86 = Debug|x86
		Release|x64 = Release|x64
		Release|x86 = Release|x86
	EndGlobalSection
	GlobalSection(ProjectConfigurationPlatforms) = postSolution
		{775530FE-A753-46F3-B4E8-045F9A3386E3}.Debug|x64.ActiveCfg = Debug|x64
		{775530FE-A753-46F3-B4E8-045F9A3386E3}.Debug|x64.Build.0 = Debug|x64
		{775530FE-A753-46F3-B4E8-045F9A3386E3}.Debug|x86.ActiveCfg = Debug|Win32
		{775530FE-A753-46F3-B4E8-045F9A3386E3}.Debug|x86.Build.0 = Debug|Win32
		{775530FE-A753-46F3-B4E8-045F9A3386E3}.Release|x64.ActiveCfg = Release|x64
		{775530FE-A753-46F3-B4E8-045F9A3386E3}.Release|x64.Build.0 = Release|x64
		{775530FE-A753-46F3-B4E8-045F9A3386E3}.Release|x86.ActiveCfg = Release|Win32
		{775530FE-A753-46F3-B4E8-045F9A3386E3}.Release|x86.Build.0 = Release|Win32
		{D2FCF01C-E751-4109-A88A-17922488AFF4}.Debug|x64.ActiveCfg = Debug|x64
		{D2FCF01C-E751-4109-A88A-17922488AFF4}.Debug|x64.Build.0 = Debug|x64
		{D2FCF01C-E751-4109-A88A-17922488AFF4}.Debug|x86.ActiveCfg = Debug|Win32
		{D2FCF01C-E751-4109-A88A-17922488AFF4}.Debug|x86.Build.0 = Debug|Win32
		{D2FCF01C-E751-4109-A88A-17922488AFF4}.Release|x64.ActiveCfg = Release|x64
		{D2FCF01C-E751-4109-A88A-17922488AFF4}.Release|x64.Build.0 = Release|x64
		{D2FCF01C-E751-4109-A88A-17922488AFF4}.Release|x86.ActiveCfg = Release|Win32
		{D2FCF01C-E751-4109-A88A-17922488AFF4}.Release|x86.Build.0 = Release|Win32
	EndGlobalSection
	GlobalSection(SolutionProperties) = preSolution
		HideSolutionNode = FALSE
	EndGlobalSection
	GlobalSection(ExtensibilityGlobals) = postSolution
		SolutionGuid = {416C5137-F636-4081-B70D-F0B8F84AC978}
	EndGlobalSection
EndGlobal
